// !$*UTF8*$!
{
	archiveVersion = 1;
	classes = {
	};
	objectVersion = 50;
	objects = {

/* Begin PBXBuildFile section */
		E205A0B426E101230029D545 /* AppDelegate.swift in Sources */ = {isa = PBXBuildFile; fileRef = E205A0B326E101230029D545 /* AppDelegate.swift */; };
		E205A0B626E101230029D545 /* SceneDelegate.swift in Sources */ = {isa = PBXBuildFile; fileRef = E205A0B526E101230029D545 /* SceneDelegate.swift */; };
		E205A0B826E101230029D545 /* ViewController.swift in Sources */ = {isa = PBXBuildFile; fileRef = E205A0B726E101230029D545 /* ViewController.swift */; };
		E205A0BB26E101230029D545 /* Main.storyboard in Resources */ = {isa = PBXBuildFile; fileRef = E205A0B926E101230029D545 /* Main.storyboard */; };
		E205A0BE26E101230029D545 /* Senfineco.xcdatamodeld in Sources */ = {isa = PBXBuildFile; fileRef = E205A0BC26E101230029D545 /* Senfineco.xcdatamodeld */; };
		E205A0C026E101240029D545 /* Assets.xcassets in Resources */ = {isa = PBXBuildFile; fileRef = E205A0BF26E101240029D545 /* Assets.xcassets */; };
		E205A0C326E101240029D545 /* LaunchScreen.storyboard in Resources */ = {isa = PBXBuildFile; fileRef = E205A0C126E101240029D545 /* LaunchScreen.storyboard */; };
/* End PBXBuildFile section */

/* Begin PBXFileReference section */
		E205A0B026E101230029D545 /* Senfineco.app */ = {isa = PBXFileReference; explicitFileType = wrapper.application; includeInIndex = 0; path = Senfineco.app; sourceTree = BUILT_PRODUCTS_DIR; };
		E205A0B326E101230029D545 /* AppDelegate.swift */ = {isa = PBXFileReference; lastKnownFileType = sourcecode.swift; path = AppDelegate.swift; sourceTree = "<group>"; };
		E205A0B526E101230029D545 /* SceneDelegate.swift */ = {isa = PBXFileReference; lastKnownFileType = sourcecode.swift; path = SceneDelegate.swift; sourceTree = "<group>"; };
		E205A0B726E101230029D545 /* ViewController.swift */ = {isa = PBXFileReference; lastKnownFileType = sourcecode.swift; path = ViewController.swift; sourceTree = "<group>"; };
		E205A0BA26E101230029D545 /* Base */ = {isa = PBXFileReference; lastKnownFileType = file.storyboard; name = Base; path = Base.lproj/Main.storyboard; sourceTree = "<group>"; };
		E205A0BD26E101230029D545 /* Senfineco.xcdatamodel */ = {isa = PBXFileReference; lastKnownFileType = wrapper.xcdatamodel; path = Senfineco.xcdatamodel; sourceTree = "<group>"; };
		E205A0BF26E101240029D545 /* Assets.xcassets */ = {isa = PBXFileReference; lastKnownFileType = folder.assetcatalog; path = Assets.xcassets; sourceTree = "<group>"; };
		E205A0C226E101240029D545 /* Base */ = {isa = PBXFileReference; lastKnownFileType = file.storyboard; name = Base; path = Base.lproj/LaunchScreen.storyboard; sourceTree = "<group>"; };
		E205A0C426E101240029D545 /* Info.plist */ = {isa = PBXFileReference; lastKnownFileType = text.plist.xml; path = Info.plist; sourceTree = "<group>"; };
/* End PBXFileReference section */

/* Begin PBXFrameworksBuildPhase section */
		E205A0AD26E101230029D545 /* Frameworks */ = {
			isa = PBXFrameworksBuildPhase;
			buildActionMask = 2147483647;
			files = (
			);
			runOnlyForDeploymentPostprocessing = 0;
		};
/* End PBXFrameworksBuildPhase section */

/* Begin PBXGroup section */
		E205A0A726E101230029D545 = {
			isa = PBXGroup;
			children = (
				E205A0B226E101230029D545 /* Senfineco */,
				E205A0B126E101230029D545 /* Products */,
			);
			sourceTree = "<group>";
		};
		E205A0B126E101230029D545 /* Products */ = {
			isa = PBXGroup;
			children = (
				E205A0B026E101230029D545 /* Senfineco.app */,
			);
			name = Products;
			sourceTree = "<group>";
		};
		E205A0B226E101230029D545 /* Senfineco */ = {
			isa = PBXGroup;
			children = (
				E205A0B326E101230029D545 /* AppDelegate.swift */,
				E205A0B526E101230029D545 /* SceneDelegate.swift */,
				E205A0B726E101230029D545 /* ViewController.swift */,
				E205A0B926E101230029D545 /* Main.storyboard */,
				E205A0BF26E101240029D545 /* Assets.xcassets */,
				E205A0C126E101240029D545 /* LaunchScreen.storyboard */,
				E205A0C426E101240029D545 /* Info.plist */,
				E205A0BC26E101230029D545 /* Senfineco.xcdatamodeld */,
			);
			path = Senfineco;
			sourceTree = "<group>";
		};
/* End PBXGroup section */

/* Begin PBXNativeTarget section */
		E205A0AF26E101230029D545 /* Senfineco */ = {
			isa = PBXNativeTarget;
			buildConfigurationList = E205A0C726E101240029D545 /* Build configuration list for PBXNativeTarget "Senfineco" */;
			buildPhases = (
				E205A0AC26E101230029D545 /* Sources */,
				E205A0AD26E101230029D545 /* Frameworks */,
				E205A0AE26E101230029D545 /* Resources */,
			);
			buildRules = (
			);
			dependencies = (
			);
			name = Senfineco;
			productName = Senfineco;
			productReference = E205A0B026E101230029D545 /* Senfineco.app */;
			productType = "com.apple.product-type.application";
		};
/* End PBXNativeTarget section */

/* Begin PBXProject section */
		E205A0A826E101230029D545 /* Project object */ = {
			isa = PBXProject;
			attributes = {
				LastSwiftUpdateCheck = 1200;
				LastUpgradeCheck = 1200;
				TargetAttributes = {
					E205A0AF26E101230029D545 = {
						CreatedOnToolsVersion = 12.0.1;
					};
				};
			};
			buildConfigurationList = E205A0AB26E101230029D545 /* Build configuration list for PBXProject "Senfineco" */;
			compatibilityVersion = "Xcode 9.3";
			developmentRegion = en;
			hasScannedForEncodings = 0;
			knownRegions = (
				en,
				Base,
			);
			mainGroup = E205A0A726E101230029D545;
			productRefGroup = E205A0B126E101230029D545 /* Products */;
			projectDirPath = "";
			projectRoot = "";
			targets = (
				E205A0AF26E101230029D545 /* Senfineco */,
			);
		};
/* End PBXProject section */

/* Begin PBXResourcesBuildPhase section */
		E205A0AE26E101230029D545 /* Resources */ = {
			isa = PBXResourcesBuildPhase;
			buildActionMask = 2147483647;
			files = (
				E205A0C326E101240029D545 /* LaunchScreen.storyboard in Resources */,
				E205A0C026E101240029D545 /* Assets.xcassets in Resources */,
				E205A0BB26E101230029D545 /* Main.storyboard in Resources */,
			);
			runOnlyForDeploymentPostprocessing = 0;
		};
/* End PBXResourcesBuildPhase section */

/* Begin PBXSourcesBuildPhase section */
		E205A0AC26E101230029D545 /* Sources */ = {
			isa = PBXSourcesBuildPhase;
			buildActionMask = 2147483647;
			files = (
				E205A0BE26E101230029D545 /* Senfineco.xcdatamodeld in Sources */,
				E205A0B826E101230029D545 /* ViewController.swift in Sources */,
				E205A0B426E101230029D545 /* AppDelegate.swift in Sources */,
				E205A0B626E101230029D545 /* SceneDelegate.swift in Sources */,
			);
			runOnlyForDeploymentPostprocessing = 0;
		};
/* End PBXSourcesBuildPhase section */

/* Begin PBXVariantGroup section */
		E205A0B926E101230029D545 /* Main.storyboard */ = {
			isa = PBXVariantGroup;
			children = (
				E205A0BA26E101230029D545 /* Base */,
			);
			name = Main.storyboard;
			sourceTree = "<group>";
		};
		E205A0C126E101240029D545 /* LaunchScreen.storyboard */ = {
			isa = PBXVariantGroup;
			children = (
				E205A0C226E101240029D545 /* Base */,
			);
			name = LaunchScreen.storyboard;
			sourceTree = "<group>";
		};
/* End PBXVariantGroup section */

/* Begin XCBuildConfiguration section */
		E205A0C526E101240029D545 /* Debug */ = {
			isa = XCBuildConfiguration;
			buildSettings = {
				ALWAYS_SEARCH_USER_PATHS = NO;
				CLANG_ANALYZER_NONNULL = YES;
				CLANG_ANALYZER_NUMBER_OBJECT_CONVERSION = YES_AGGRESSIVE;
				CLANG_CXX_LANGUAGE_STANDARD = "gnu++14";
				CLANG_CXX_LIBRARY = "libc++";
				CLANG_ENABLE_MODULES = YES;
				CLANG_ENABLE_OBJC_ARC = YES;
				CLANG_ENABLE_OBJC_WEAK = YES;
				CLANG_WARN_BLOCK_CAPTURE_AUTORELEASING = YES;
				CLANG_WARN_BOOL_CONVERSION = YES;
				CLANG_WARN_COMMA = YES;
				CLANG_WARN_CONSTANT_CONVERSION = YES;
				CLANG_WARN_DEPRECATED_OBJC_IMPLEMENTATIONS = YES;
				CLANG_WARN_DIRECT_OBJC_ISA_USAGE = YES_ERROR;
				CLANG_WARN_DOCUMENTATION_COMMENTS = YES;
				CLANG_WARN_EMPTY_BODY = YES;
				CLANG_WARN_ENUM_CONVERSION = YES;
				CLANG_WARN_INFINITE_RECURSION = YES;
				CLANG_WARN_INT_CONVERSION = YES;
				CLANG_WARN_NON_LITERAL_NULL_CONVERSION = YES;
				CLANG_WARN_OBJC_IMPLICIT_RETAIN_SELF = YES;
				CLANG_WARN_OBJC_LITERAL_CONVERSION = YES;
				CLANG_WARN_OBJC_ROOT_CLASS = YES_ERROR;
				CLANG_WARN_QUOTED_INCLUDE_IN_FRAMEWORK_HEADER = YES;
				CLANG_WARN_RANGE_LOOP_ANALYSIS = YES;
				CLANG_WARN_STRICT_PROTOTYPES = YES;
				CLANG_WARN_SUSPICIOUS_MOVE = YES;
				CLANG_WARN_UNGUARDED_AVAILABILITY = YES_AGGRESSIVE;
				CLANG_WARN_UNREACHABLE_CODE = YES;
				CLANG_WARN__DUPLICATE_METHOD_MATCH = YES;
				COPY_PHASE_STRIP = NO;
				DEBUG_INFORMATION_FORMAT = dwarf;
				ENABLE_STRICT_OBJC_MSGSEND = YES;
				ENABLE_TESTABILITY = YES;
				GCC_C_LANGUAGE_STANDARD = gnu11;
				GCC_DYNAMIC_NO_PIC = NO;
				GCC_NO_COMMON_BLOCKS = YES;
				GCC_OPTIMIZATION_LEVEL = 0;
				GCC_PREPROCESSOR_DEFINITIONS = (
					"DEBUG=1",
					"$(inherited)",
				);
				GCC_WARN_64_TO_32_BIT_CONVERSION = YES;
				GCC_WARN_ABOUT_RETURN_TYPE = YES_ERROR;
				GCC_WARN_UNDECLARED_SELECTOR = YES;
				GCC_WARN_UNINITIALIZED_AUTOS = YES_AGGRESSIVE;
				GCC_WARN_UNUSED_FUNCTION = YES;
				GCC_WARN_UNUSED_VARIABLE = YES;
				IPHONEOS_DEPLOYMENT_TARGET = 14.0;
				MTL_ENABLE_DEBUG_INFO = INCLUDE_SOURCE;
				MTL_FAST_MATH = YES;
				ONLY_ACTIVE_ARCH = YES;
				SDKROOT = iphoneos;
				SWIFT_ACTIVE_COMPILATION_CONDITIONS = DEBUG;
				SWIFT_OPTIMIZATION_LEVEL = "-Onone";
			};
			name = Debug;
		};
		E205A0C626E101240029D545 /* Release */ = {
			isa = XCBuildConfiguration;
			buildSettings = {
				ALWAYS_SEARCH_USER_PATHS = NO;
				CLANG_ANALYZER_NONNULL = YES;
				CLANG_ANALYZER_NUMBER_OBJECT_CONVERSION = YES_AGGRESSIVE;
				CLANG_CXX_LANGUAGE_STANDARD = "gnu++14";
				CLANG_CXX_LIBRARY = "libc++";
				CLANG_ENABLE_MODULES = YES;
				CLANG_ENABLE_OBJC_ARC = YES;
				CLANG_ENABLE_OBJC_WEAK = YES;
				CLANG_WARN_BLOCK_CAPTURE_AUTORELEASING = YES;
				CLANG_WARN_BOOL_CONVERSION = YES;
				CLANG_WARN_COMMA = YES;
				CLANG_WARN_CONSTANT_CONVERSION = YES;
				CLANG_WARN_DEPRECATED_OBJC_IMPLEMENTATIONS = YES;
				CLANG_WARN_DIRECT_OBJC_ISA_USAGE = YES_ERROR;
				CLANG_WARN_DOCUMENTATION_COMMENTS = YES;
				CLANG_WARN_EMPTY_BODY = YES;
				CLANG_WARN_ENUM_CONVERSION = YES;
				CLANG_WARN_INFINITE_RECURSION = YES;
				CLANG_WARN_INT_CONVERSION = YES;
				CLANG_WARN_NON_LITERAL_NULL_CONVERSION = YES;
				CLANG_WARN_OBJC_IMPLICIT_RETAIN_SELF = YES;
				CLANG_WARN_OBJC_LITERAL_CONVERSION = YES;
				CLANG_WARN_OBJC_ROOT_CLASS = YES_ERROR;
				CLANG_WARN_QUOTED_INCLUDE_IN_FRAMEWORK_HEADER = YES;
				CLANG_WARN_RANGE_LOOP_ANALYSIS = YES;
				CLANG_WARN_STRICT_PROTOTYPES = YES;
				CLANG_WARN_SUSPICIOUS_MOVE = YES;
				CLANG_WARN_UNGUARDED_AVAILABILITY = YES_AGGRESSIVE;
				CLANG_WARN_UNREACHABLE_CODE = YES;
				CLANG_WARN__DUPLICATE_METHOD_MATCH = YES;
				COPY_PHASE_STRIP = NO;
				DEBUG_INFORMATION_FORMAT = "dwarf-with-dsym";
				ENABLE_NS_ASSERTIONS = NO;
				ENABLE_STRICT_OBJC_MSGSEND = YES;
				GCC_C_LANGUAGE_STANDARD = gnu11;
				GCC_NO_COMMON_BLOCKS = YES;
				GCC_WARN_64_TO_32_BIT_CONVERSION = YES;
				GCC_WARN_ABOUT_RETURN_TYPE = YES_ERROR;
				GCC_WARN_UNDECLARED_SELECTOR = YES;
				GCC_WARN_UNINITIALIZED_AUTOS = YES_AGGRESSIVE;
				GCC_WARN_UNUSED_FUNCTION = YES;
				GCC_WARN_UNUSED_VARIABLE = YES;
				IPHONEOS_DEPLOYMENT_TARGET = 14.0;
				MTL_ENABLE_DEBUG_INFO = NO;
				MTL_FAST_MATH = YES;
				SDKROOT = iphoneos;
				SWIFT_COMPILATION_MODE = wholemodule;
				SWIFT_OPTIMIZATION_LEVEL = "-O";
				VALIDATE_PRODUCT = YES;
			};
			name = Release;
		};
		E205A0C826E101240029D545 /* Debug */ = {
			isa = XCBuildConfiguration;
			buildSettings = {
				ASSETCATALOG_COMPILER_APPICON_NAME = AppIcon;
				ASSETCATALOG_COMPILER_GLOBAL_ACCENT_COLOR_NAME = AccentColor;
				CODE_SIGN_STYLE = Automatic;
				DEVELOPMENT_TEAM = PZ2HA87B47;
				INFOPLIST_FILE = Senfineco/Info.plist;
				LD_RUNPATH_SEARCH_PATHS = (
					"$(inherited)",
					"@executable_path/Frameworks",
				);
				PRODUCT_BUNDLE_IDENTIFIER = sharaf.Senfineco;
				PRODUCT_NAME = "$(TARGET_NAME)";
				SWIFT_VERSION = 5.0;
				TARGETED_DEVICE_FAMILY = "1,2";
			};
			name = Debug;
		};
		E205A0C926E101240029D545 /* Release */ = {
			isa = XCBuildConfiguration;
			buildSettings = {
				ASSETCATALOG_COMPILER_APPICON_NAME = AppIcon;
				ASSETCATALOG_COMPILER_GLOBAL_ACCENT_COLOR_NAME = AccentColor;
				CODE_SIGN_STYLE = Automatic;
				DEVELOPMENT_TEAM = PZ2HA87B47;
				INFOPLIST_FILE = Senfineco/Info.plist;
				LD_RUNPATH_SEARCH_PATHS = (
					"$(inherited)",
					"@executable_path/Frameworks",
				);
				PRODUCT_BUNDLE_IDENTIFIER = sharaf.Senfineco;
				PRODUCT_NAME = "$(TARGET_NAME)";
				SWIFT_VERSION = 5.0;
				TARGETED_DEVICE_FAMILY = "1,2";
			};
			name = Release;
		};
/* End XCBuildConfiguration section */

/* Begin XCConfigurationList section */
		E205A0AB26E101230029D545 /* Build configuration list for PBXProject "Senfineco" */ = {
			isa = XCConfigurationList;
			buildConfigurations = (
				E205A0C526E101240029D545 /* Debug */,
				E205A0C626E101240029D545 /* Release */,
			);
			defaultConfigurationIsVisible = 0;
			defaultConfigurationName = Release;
		};
		E205A0C726E101240029D545 /* Build configuration list for PBXNativeTarget "Senfineco" */ = {
			isa = XCConfigurationList;
			buildConfigurations = (
				E205A0C826E101240029D545 /* Debug */,
				E205A0C926E101240029D545 /* Release */,
			);
			defaultConfigurationIsVisible = 0;
			defaultConfigurationName = Release;
		};
/* End XCConfigurationList section */

/* Begin XCVersionGroup section */
		E205A0BC26E101230029D545 /* Senfineco.xcdatamodeld */ = {
			isa = XCVersionGroup;
			children = (
				E205A0BD26E101230029D545 /* Senfineco.xcdatamodel */,
			);
			currentVersion = E205A0BD26E101230029D545 /* Senfineco.xcdatamodel */;
			path = Senfineco.xcdatamodeld;
			sourceTree = "<group>";
			versionGroupType = wrapper.xcdatamodel;
		};
/* End XCVersionGroup section */
	};
	rootObject = E205A0A826E101230029D545 /* Project object */;
}
